
Microsoft Visual Studio Solution File, Format Version 12.00
# Visual Studio 15
VisualStudioVersion = 15.0.27130.2010
MinimumVisualStudioVersion = 10.0.40219.1
Project("{FAE04EC0-301F-11D3-BF4B-00C04F79EFBC}") = "CF", "CollaborativeFiltering\CF.csproj", "{412E8812-F1D4-451D-AD67-2916E70D2921}"
EndProject
Global
	GlobalSection(SolutionConfigurationPlatforms) = preSolution
		Debug|Any CPU = Debug|Any CPU
		Release|Any CPU = Release|Any CPU
	EndGlobalSection
	GlobalSection(ProjectConfigurationPlatforms) = postSolution
		{412E8812-F1D4-451D-AD67-2916E70D2921}.Debug|Any CPU.ActiveCfg = Debug|Any CPU
		{412E8812-F1D4-451D-AD67-2916E70D2921}.Debug|Any CPU.Build.0 = Debug|Any CPU
		{412E8812-F1D4-451D-AD67-2916E70D2921}.Release|Any CPU.ActiveCfg = Release|Any CPU
		{412E8812-F1D4-451D-AD67-2916E70D2921}.Release|Any CPU.Build.0 = Release|Any CPU
	EndGlobalSection
	GlobalSection(SolutionProperties) = preSolution
		HideSolutionNode = FALSE
	EndGlobalSection
	GlobalSection(ExtensibilityGlobals) = postSolution
		SolutionGuid = {3F3DA1BE-9675-4E3D-BE58-90BD055C0DFC}
	EndGlobalSection
EndGlobal
